{
  "name": "xconv",
  "version": "1.2.6",
  "lockfileVersion": 1,
  "requires": true,
  "dependencies": {
    "oop-node": {
      "version": "1.3.7",
      "resolved": "https://registry.npmjs.org/oop-node/-/oop-node-1.3.7.tgz",
      "integrity": "sha512-Jo2NvN+dIVqfyIcs1/k8zL8nD9bqSdtW70gG1VxCzLky7azIxgb8k/RQo8DE+JvpMdQQyXAtV6iw0aOfPbiD9g=="
    }
  }
}
