{
  "name": "xconv",
  "version": "1.3.12",
  "lockfileVersion": 1,
  "requires": true,
  "dependencies": {
    "oop-node": {
      "version": "1.4.10",
      "resolved": "https://registry.npmjs.org/oop-node/-/oop-node-1.4.10.tgz",
      "integrity": "sha512-PgHo8jCoR3+YrAKygpdKqgVdhYyUe0S+60NcNjLSIF8qeAIrPS6XXlWIblKs/HU3M3rS1a8lScImtgrJ58ppHQ=="
    }
  }
}
