{
  "name": "xconv",
  "version": "1.0.0",
  "lockfileVersion": 1,
  "requires": true,
  "dependencies": {
    "oop-node": {
      "version": "1.0.5",
      "resolved": "https://registry.npmjs.org/oop-node/-/oop-node-1.0.5.tgz",
      "integrity": "sha512-mqtLPVgg5Vz6KmNqbjvqdz4I0okv7HjlS1HbAzkIrh/RJl+S5WqmftHrXiUFYpmnMIdkP86Eh7SpUxT2a/wexA=="
    }
  }
}
